# THIS IS AN AUTOGENERATED FILE. DO NOT EDIT THIS FILE DIRECTLY.
# yarn lockfile v1


"@esbuild-plugins/all@^0.0.27":
  version "0.0.27"
  resolved "https://registry.yarnpkg.com/@esbuild-plugins/all/-/all-0.0.27.tgz#a3be2c1c192bf15a2d127d9e3d42dcf505a0a4d1"
  integrity sha512-OWo2NZkl8vyHKY8Btn4a6ySrZ91OcSUXTZBQBr81H4Oj/WoCcSwGMxD3hmmWOeW73fg1jN7HWAHg94EZLRJLQQ==
  dependencies:
    "@esbuild-plugins/esm-externals" "0.0.5"
    "@esbuild-plugins/html" "0.0.23"
    "@esbuild-plugins/node-globals-polyfill" "0.1.0"
    "@esbuild-plugins/node-modules-polyfill" "0.1.1"
    "@esbuild-plugins/node-resolve" "0.1.4"

"@esbuild-plugins/esm-externals@0.0.5":
  version "0.0.5"
  resolved "https://registry.yarnpkg.com/@esbuild-plugins/esm-externals/-/esm-externals-0.0.5.tgz#820170b68576c3f1be61a677afdd3cee8733caeb"
  integrity sha512-1U/vbTsKNe7QPHrV+vNKs//WAA3iPgsJGCMg1VstdIzWK85mS8OCsNIsSmg08K9bfJpC7Hxf9spBwby2scVqag==
  dependencies:
    debug "^4.3.1"
    escape-string-regexp "^4.0.0"

"@esbuild-plugins/html@0.0.23":
  version "0.0.23"
  resolved "https://registry.yarnpkg.com/@esbuild-plugins/html/-/html-0.0.23.tgz#a79e4d87f2a4d9e1d1331cd11fb1dceb0137ae19"
  integrity sha512-9k3rZNS0OAOmnquguQYJw6GXfDIQMywW9Qlz3hrQvdmU6byRzAAdFYUhMq3u0fnQ6QVrq/UJ+oQkNuaBVx9+nQ==
  dependencies:
    "@esbuild-plugins/node-resolve" "0.1.4"
    debug "^4.3.1"
    posthtml "^0.15.1"

"@esbuild-plugins/node-globals-polyfill@0.1.0":
  version "0.1.0"
  resolved "https://registry.yarnpkg.com/@esbuild-plugins/node-globals-polyfill/-/node-globals-polyfill-0.1.0.tgz#520e719cda7b601f51d5e39719762fdf95c67525"
  integrity sha512-kZFvuxGb2puY7USbS/HtKaNrvR2FUlU6iddcYwGOz6nlv4ficSHYmhZ4x0WrJnLNBYzla+Y3P6YvC0DPrb0M/Q==

"@esbuild-plugins/node-modules-polyfill@0.1.1":
  version "0.1.1"
  resolved "https://registry.yarnpkg.com/@esbuild-plugins/node-modules-polyfill/-/node-modules-polyfill-0.1.1.tgz#c830e47b2a193ea1ae4fee5e6f8a231b94024a32"
  integrity sha512-nfaj343BMA1pWJW4e2gLZUbC50rgUY+jsI55j9fKb0CgXbDyIEL8nxPzE1OMoyqvu7W0RMgI+TjmMAuXhC96Ow==
  dependencies:
    escape-string-regexp "^4.0.0"
    rollup-plugin-node-polyfills "^0.2.1"

"@esbuild-plugins/node-resolve@0.1.4":
  version "0.1.4"
  resolved "https://registry.yarnpkg.com/@esbuild-plugins/node-resolve/-/node-resolve-0.1.4.tgz#2257ef3b233c9cb3acd2ebde7d5a3d6874046d38"
  integrity sha512-haFQ0qhxEpqtWWY0kx1Y5oE3sMyO1PcoSiWEPrAw6tm/ZOOLXjSs6Q+v1v9eyuVF0nNt50YEvrcrvENmyoMv5g==
  dependencies:
    "@types/resolve" "^1.17.1"
    debug "^4.3.1"
    escape-string-regexp "^4.0.0"
    resolve "^1.19.0"

"@types/resolve@^1.17.1":
  version "1.20.0"
  resolved "https://registry.yarnpkg.com/@types/resolve/-/resolve-1.20.0.tgz#11325a379b6f63b858fed49552fd4178495ee087"
  integrity sha512-SFT3jdUNlLkjxUWwH/0QjLiEsV38hjdDX8oMcX9jZAD8KWNzRLdg6INZE7UMz9O86b2BOHzA3dR8nF+DbonX2Q==

cesium@1.77.0:
  version "1.77.0"
  resolved "https://registry.yarnpkg.com/cesium/-/cesium-1.77.0.tgz#c4e2b3c2906dd20f147fe55e57233750bd59b025"
  integrity sha512-UpxTOaLJDRYkp5xcqg8wpYjzlSE10czz8ixiOC7R0DRwDdj/Yp8/BauLdEeIMCaEy9Lvb8BKrg8HppzR/Be7bQ==

debug@^4.3.1:
  version "4.3.1"
  resolved "https://registry.yarnpkg.com/debug/-/debug-4.3.1.tgz#f0d229c505e0c6d8c49ac553d1b13dc183f6b2ee"
  integrity sha512-doEwdvm4PCeK4K3RQN2ZC2BYUBaxwLARCqZmMjtF8a51J2Rb0xpVloFRnCODwqjpwnAoao4pelN8l3RJdv3gRQ==
  dependencies:
    ms "2.1.2"

dom-serializer@^1.0.1:
  version "1.2.0"
  resolved "https://registry.yarnpkg.com/dom-serializer/-/dom-serializer-1.2.0.tgz#3433d9136aeb3c627981daa385fc7f32d27c48f1"
  integrity sha512-n6kZFH/KlCrqs/1GHMOd5i2fd/beQHuehKdWvNNffbGHTr/almdhuVvTVFb3V7fglz+nC50fFusu3lY33h12pA==
  dependencies:
    domelementtype "^2.0.1"
    domhandler "^4.0.0"
    entities "^2.0.0"

domelementtype@^2.0.1, domelementtype@^2.1.0:
  version "2.1.0"
  resolved "https://registry.yarnpkg.com/domelementtype/-/domelementtype-2.1.0.tgz#a851c080a6d1c3d94344aed151d99f669edf585e"
  integrity sha512-LsTgx/L5VpD+Q8lmsXSHW2WpA+eBlZ9HPf3erD1IoPF00/3JKHZ3BknUVA2QGDNu69ZNmyFmCWBSO45XjYKC5w==

domhandler@^3.3.0:
  version "3.3.0"
  resolved "https://registry.yarnpkg.com/domhandler/-/domhandler-3.3.0.tgz#6db7ea46e4617eb15cf875df68b2b8524ce0037a"
  integrity sha512-J1C5rIANUbuYK+FuFL98650rihynUOEzRLxW+90bKZRWB6A1X1Tf82GxR1qAWLyfNPRvjqfip3Q5tdYlmAa9lA==
  dependencies:
    domelementtype "^2.0.1"

domhandler@^4.0.0:
  version "4.0.0"
  resolved "https://registry.yarnpkg.com/domhandler/-/domhandler-4.0.0.tgz#01ea7821de996d85f69029e81fa873c21833098e"
  integrity sha512-KPTbnGQ1JeEMQyO1iYXoagsI6so/C96HZiFyByU3T6iAzpXn8EGEvct6unm1ZGoed8ByO2oirxgwxBmqKF9haA==
  dependencies:
    domelementtype "^2.1.0"

domutils@^2.4.2:
  version "2.5.0"
  resolved "https://registry.yarnpkg.com/domutils/-/domutils-2.5.0.tgz#42f49cffdabb92ad243278b331fd761c1c2d3039"
  integrity sha512-Ho16rzNMOFk2fPwChGh3D2D9OEHAfG19HgmRR2l+WLSsIstNsAYBzePH412bL0y5T44ejABIVfTHQ8nqi/tBCg==
  dependencies:
    dom-serializer "^1.0.1"
    domelementtype "^2.0.1"
    domhandler "^4.0.0"

entities@^2.0.0:
  version "2.2.0"
  resolved "https://registry.yarnpkg.com/entities/-/entities-2.2.0.tgz#098dc90ebb83d8dffa089d55256b351d34c4da55"
  integrity sha512-p92if5Nz619I0w+akJrLZH0MX0Pb5DX39XOwQTtXSdQQOaYH03S1uIQp4mhOZtAXrxq4ViO67YTiLBo2638o9A==

esbuild@^0.11.3:
  version "0.11.3"
  resolved "https://registry.yarnpkg.com/esbuild/-/esbuild-0.11.3.tgz#b57165b907be4ffba651f6450538ce8d8c1d5eb0"
  integrity sha512-BzVRHcCtFepjS9WcqRjqoIxLqgpK21a8J4Zi4msSGxDxiXVO1IbcqT1KjhdDDnJxKfe7bvzZrvMEX+bVO0Elcw==

escape-string-regexp@^4.0.0:
  version "4.0.0"
  resolved "https://registry.yarnpkg.com/escape-string-regexp/-/escape-string-regexp-4.0.0.tgz#14ba83a5d373e3d311e5afca29cf5bfad965bf34"
  integrity sha512-TtpcNJ3XAzx3Gq8sWRzJaVajRs0uVxA2YAkdb1jm2YkPz4G6egUFAyA3n5vtEIZefPk5Wa4UXbKuS5fKkJWdgA==

estree-walker@^0.6.1:
  version "0.6.1"
  resolved "https://registry.yarnpkg.com/estree-walker/-/estree-walker-0.6.1.tgz#53049143f40c6eb918b23671d1fe3219f3a1b362"
  integrity sha512-SqmZANLWS0mnatqbSfRP5g8OXZC12Fgg1IwNtLsyHDzJizORW4khDfjPqJZsemPWBB2uqykUah5YpQ6epsqC/w==

function-bind@^1.1.1:
  version "1.1.1"
  resolved "https://registry.yarnpkg.com/function-bind/-/function-bind-1.1.1.tgz#a56899d3ea3c9bab874bb9773b7c5ede92f4895d"
  integrity sha512-yIovAzMX49sF8Yl58fSCWJ5svSLuaibPxXQJFLmBObTuCr0Mf1KiPopGM9NiFjiYBCbfaa2Fh6breQ6ANVTI0A==

has@^1.0.3:
  version "1.0.3"
  resolved "https://registry.yarnpkg.com/has/-/has-1.0.3.tgz#722d7cbfc1f6aa8241f16dd814e011e1f41e8796"
  integrity sha512-f2dvO0VU6Oej7RkWJGrehjbzMAjFp5/VKPp5tTpWIV4JHHZK1/BxbFRtf/siA2SWTe09caDmVtYYzWEIbBS4zw==
  dependencies:
    function-bind "^1.1.1"

htmlparser2@^5.0.1:
  version "5.0.1"
  resolved "https://registry.yarnpkg.com/htmlparser2/-/htmlparser2-5.0.1.tgz#7daa6fc3e35d6107ac95a4fc08781f091664f6e7"
  integrity sha512-vKZZra6CSe9qsJzh0BjBGXo8dvzNsq/oGvsjfRdOrrryfeD9UOBEEQdeoqCRmKZchF5h2zOBMQ6YuQ0uRUmdbQ==
  dependencies:
    domelementtype "^2.0.1"
    domhandler "^3.3.0"
    domutils "^2.4.2"
    entities "^2.0.0"

is-core-module@^2.2.0:
  version "2.2.0"
  resolved "https://registry.yarnpkg.com/is-core-module/-/is-core-module-2.2.0.tgz#97037ef3d52224d85163f5597b2b63d9afed981a"
  integrity sha512-XRAfAdyyY5F5cOXn7hYQDqh2Xmii+DEfIcQGxK/uNwMHhIkPWO0g8msXcbzLe+MpGoR951MlqM/2iIlU4vKDdQ==
  dependencies:
    has "^1.0.3"

magic-string@^0.25.3:
  version "0.25.7"
  resolved "https://registry.yarnpkg.com/magic-string/-/magic-string-0.25.7.tgz#3f497d6fd34c669c6798dcb821f2ef31f5445051"
  integrity sha512-4CrMT5DOHTDk4HYDlzmwu4FVCcIYI8gauveasrdCu2IKIFOJ3f0v/8MDGJCDL9oD2ppz/Av1b0Nj345H9M+XIA==
  dependencies:
    sourcemap-codec "^1.4.4"

ms@2.1.2:
  version "2.1.2"
  resolved "https://registry.yarnpkg.com/ms/-/ms-2.1.2.tgz#d09d1f357b443f493382a8eb3ccd183872ae6009"
  integrity sha512-sGkPx+VjMtmA6MX27oA4FBFELFCZZ4S4XqeGOXCv68tT+jb3vk/RyaKWP0PTKyWtmLSM0b+adUTEvbs1PEaH2w==

path-parse@^1.0.6:
  version "1.0.6"
  resolved "https://registry.yarnpkg.com/path-parse/-/path-parse-1.0.6.tgz#d62dbb5679405d72c4737ec58600e9ddcf06d24c"
  integrity sha512-GSmOT2EbHrINBf9SR7CDELwlJ8AENk3Qn7OikK4nFYAu3Ote2+JYNVvkpAEQm3/TLNEJFD/xZJjzyxg3KBWOzw==

posthtml-parser@^0.6.0:
  version "0.6.0"
  resolved "https://registry.yarnpkg.com/posthtml-parser/-/posthtml-parser-0.6.0.tgz#52488cdb4fa591c3102de73197c471859ee0be63"
  integrity sha512-5ffwKQNgtVHdhZniWxu+1ryvaZv5l25HPLUV6W5xy5nYVWMXtvjtwRnbSpfbKFvbyl7XI+d4AqkjmonkREqnXA==
  dependencies:
    htmlparser2 "^5.0.1"

posthtml-render@^1.2.3:
  version "1.3.1"
  resolved "https://registry.yarnpkg.com/posthtml-render/-/posthtml-render-1.3.1.tgz#260f15bc43cdf7ea008bf0cc35253fb27e4d03fd"
  integrity sha512-eSToKjNLu0FiF76SSGMHjOFXYzAc/CJqi677Sq6hYvcvFCBtD6de/W5l+0IYPf7ypscqAfjCttxvTdMJt5Gj8Q==

posthtml@^0.15.1:
  version "0.15.1"
  resolved "https://registry.yarnpkg.com/posthtml/-/posthtml-0.15.1.tgz#1848064f48a1cca0e0323752b1d26fed32e180b8"
  integrity sha512-QSnUnvnnRv+wt7T9igqNG7GPcc+ZsbX93X+9aPldzgiuQfqIXTbnD47FY8pAtq4gjB9QZrDadDuG8jusmOPpYA==
  dependencies:
    posthtml-parser "^0.6.0"
    posthtml-render "^1.2.3"

resolve@^1.19.0:
  version "1.20.0"
  resolved "https://registry.yarnpkg.com/resolve/-/resolve-1.20.0.tgz#629a013fb3f70755d6f0b7935cc1c2c5378b1975"
  integrity sha512-wENBPt4ySzg4ybFQW2TT1zMQucPK95HSh/nq2CFTZVOGut2+pQvSsgtda4d26YrYcr067wjbmzOG8byDPBX63A==
  dependencies:
    is-core-module "^2.2.0"
    path-parse "^1.0.6"

rollup-plugin-inject@^3.0.0:
  version "3.0.2"
  resolved "https://registry.yarnpkg.com/rollup-plugin-inject/-/rollup-plugin-inject-3.0.2.tgz#e4233855bfba6c0c12a312fd6649dff9a13ee9f4"
  integrity sha512-ptg9PQwzs3orn4jkgXJ74bfs5vYz1NCZlSQMBUA0wKcGp5i5pA1AO3fOUEte8enhGUC+iapTCzEWw2jEFFUO/w==
  dependencies:
    estree-walker "^0.6.1"
    magic-string "^0.25.3"
    rollup-pluginutils "^2.8.1"

rollup-plugin-node-polyfills@^0.2.1:
  version "0.2.1"
  resolved "https://registry.yarnpkg.com/rollup-plugin-node-polyfills/-/rollup-plugin-node-polyfills-0.2.1.tgz#53092a2744837164d5b8a28812ba5f3ff61109fd"
  integrity sha512-4kCrKPTJ6sK4/gLL/U5QzVT8cxJcofO0OU74tnB19F40cmuAKSzH5/siithxlofFEjwvw1YAhPmbvGNA6jEroA==
  dependencies:
    rollup-plugin-inject "^3.0.0"

rollup-pluginutils@^2.8.1:
  version "2.8.2"
  resolved "https://registry.yarnpkg.com/rollup-pluginutils/-/rollup-pluginutils-2.8.2.tgz#72f2af0748b592364dbd3389e600e5a9444a351e"
  integrity sha512-EEp9NhnUkwY8aif6bxgovPHMoMoNr2FulJziTndpt5H9RdwC47GSGuII9XxpSdzVGM0GWrNPHV6ie1LTNJPaLQ==
  dependencies:
    estree-walker "^0.6.1"

sourcemap-codec@^1.4.4:
  version "1.4.8"
  resolved "https://registry.yarnpkg.com/sourcemap-codec/-/sourcemap-codec-1.4.8.tgz#ea804bd94857402e6992d05a38ef1ae35a9ab4c4"
  integrity sha512-9NykojV5Uih4lgo5So5dtw+f0JgJX30KCNI8gwhz2J9A15wD0Ml6tjHKwf6fTSa6fAdVBdZeNOs9eJ71qCk8vA==
